
Microsoft Visual Studio Solution File, Format Version 12.00
# Visual Studio Version 16
VisualStudioVersion = 16.0.30204.135
MinimumVisualStudioVersion = 10.0.40219.1
Project("{FAE04EC0-301F-11D3-BF4B-00C04F79EFBC}") = "ConsoleUI", "DelegatesDemo\ConsoleUI.csproj", "{5FE0F875-2B88-4A5B-9B02-BD87423BBCF1}"
EndProject
Project("{FAE04EC0-301F-11D3-BF4B-00C04F79EFBC}") = "DemoProductLibrary", "DemoProductLibrary\DemoProductLibrary.csproj", "{DD493889-A314-4235-AE2B-07C60795706E}"
EndProject
Global
	GlobalSection(SolutionConfigurationPlatforms) = preSolution
		Debug|Any CPU = Debug|Any CPU
		Release|Any CPU = Release|Any CPU
	EndGlobalSection
	GlobalSection(ProjectConfigurationPlatforms) = postSolution
		{5FE0F875-2B88-4A5B-9B02-BD87423BBCF1}.Debug|Any CPU.ActiveCfg = Debug|Any CPU
		{5FE0F875-2B88-4A5B-9B02-BD87423BBCF1}.Debug|Any CPU.Build.0 = Debug|Any CPU
		{5FE0F875-2B88-4A5B-9B02-BD87423BBCF1}.Release|Any CPU.ActiveCfg = Release|Any CPU
		{5FE0F875-2B88-4A5B-9B02-BD87423BBCF1}.Release|Any CPU.Build.0 = Release|Any CPU
		{DD493889-A314-4235-AE2B-07C60795706E}.Debug|Any CPU.ActiveCfg = Debug|Any CPU
		{DD493889-A314-4235-AE2B-07C60795706E}.Debug|Any CPU.Build.0 = Debug|Any CPU
		{DD493889-A314-4235-AE2B-07C60795706E}.Release|Any CPU.ActiveCfg = Release|Any CPU
		{DD493889-A314-4235-AE2B-07C60795706E}.Release|Any CPU.Build.0 = Release|Any CPU
	EndGlobalSection
	GlobalSection(SolutionProperties) = preSolution
		HideSolutionNode = FALSE
	EndGlobalSection
	GlobalSection(ExtensibilityGlobals) = postSolution
		SolutionGuid = {51AADCC5-E95D-4287-A08D-2655EBD807DD}
	EndGlobalSection
EndGlobal
